
Microsoft Visual Studio Solution File, Format Version 12.00
# Visual Studio 15
VisualStudioVersion = 15.0.26228.9
MinimumVisualStudioVersion = 10.0.40219.1
Project("{FAE04EC0-301F-11D3-BF4B-00C04F79EFBC}") = "Tumultu x", "Tumultu x\Tumultu x.csproj", "{4A321E6F-FFD4-45AA-BD52-91D487108BB1}"
EndProject
Project("{9A19103F-16F7-4668-BE54-9A1E7A4F7556}") = "VirusTotal.NET", "..\..\..\Documents\GitHub\VirusTotal.Net\VirusTotal.NET\VirusTotal.NET.csproj", "{E98F21E1-E613-4380-841B-58690AFBA620}"
EndProject
Project("{2150E333-8FDC-42A3-9474-1A3956D46DE8}") = "_Imports", "_Imports", "{527837F9-33C1-4332-B64D-D7CD0594CC75}"
	ProjectSection(SolutionItems) = preProject
		..\..\..\Documents\GitHub\VirusTotal.Net\Version.targets = ..\..\..\Documents\GitHub\VirusTotal.Net\Version.targets
	EndProjectSection
EndProject
Global
	GlobalSection(SolutionConfigurationPlatforms) = preSolution
		Debug|Any CPU = Debug|Any CPU
		Release|Any CPU = Release|Any CPU
	EndGlobalSection
	GlobalSection(ProjectConfigurationPlatforms) = postSolution
		{4A321E6F-FFD4-45AA-BD52-91D487108BB1}.Debug|Any CPU.ActiveCfg = Debug|Any CPU
		{4A321E6F-FFD4-45AA-BD52-91D487108BB1}.Debug|Any CPU.Build.0 = Debug|Any CPU
		{4A321E6F-FFD4-45AA-BD52-91D487108BB1}.Release|Any CPU.ActiveCfg = Release|Any CPU
		{4A321E6F-FFD4-45AA-BD52-91D487108BB1}.Release|Any CPU.Build.0 = Release|Any CPU
		{E98F21E1-E613-4380-841B-58690AFBA620}.Debug|Any CPU.ActiveCfg = Debug|Any CPU
		{E98F21E1-E613-4380-841B-58690AFBA620}.Debug|Any CPU.Build.0 = Debug|Any CPU
		{E98F21E1-E613-4380-841B-58690AFBA620}.Release|Any CPU.ActiveCfg = Release|Any CPU
		{E98F21E1-E613-4380-841B-58690AFBA620}.Release|Any CPU.Build.0 = Release|Any CPU
	EndGlobalSection
	GlobalSection(SolutionProperties) = preSolution
		HideSolutionNode = FALSE
	EndGlobalSection
	GlobalSection(ExtensibilityGlobals) = postSolution
		SolutionGuid = {7F8514BD-D1C4-42C8-8281-6C78B021347D}
	EndGlobalSection
EndGlobal
